// !$*UTF8*$!
{
	archiveVersion = 1;
	classes = {
	};
	objectVersion = 55;
	objects = {

/* Begin PBXBuildFile section */
		C5080C66280CA0BE00B48BFD /* MoonshotChallengeApp.swift in Sources */ = {isa = PBXBuildFile; fileRef = C5080C65280CA0BE00B48BFD /* MoonshotChallengeApp.swift */; };
		C5080C68280CA0BE00B48BFD /* ContentView.swift in Sources */ = {isa = PBXBuildFile; fileRef = C5080C67280CA0BE00B48BFD /* ContentView.swift */; };
		C5080C6A280CA0BF00B48BFD /* Assets.xcassets in Resources */ = {isa = PBXBuildFile; fileRef = C5080C69280CA0BF00B48BFD /* Assets.xcassets */; };
		C5080C6D280CA0BF00B48BFD /* Preview Assets.xcassets in Resources */ = {isa = PBXBuildFile; fileRef = C5080C6C280CA0BF00B48BFD /* Preview Assets.xcassets */; };
		C5080C78280CA2C400B48BFD /* astronauts.json in Resources */ = {isa = PBXBuildFile; fileRef = C5080C76280CA2C400B48BFD /* astronauts.json */; };
		C5080C79280CA2C400B48BFD /* missions.json in Resources */ = {isa = PBXBuildFile; fileRef = C5080C77280CA2C400B48BFD /* missions.json */; };
		C5080C7B280CA32500B48BFD /* Astronaut.swift in Sources */ = {isa = PBXBuildFile; fileRef = C5080C7A280CA32500B48BFD /* Astronaut.swift */; };
		C5080C7D280CA33200B48BFD /* Mission.swift in Sources */ = {isa = PBXBuildFile; fileRef = C5080C7C280CA33200B48BFD /* Mission.swift */; };
		C5080C80280CA4C900B48BFD /* Bundle+Decodable.swift in Sources */ = {isa = PBXBuildFile; fileRef = C5080C7F280CA4C900B48BFD /* Bundle+Decodable.swift */; };
		C5080C82280CAA9C00B48BFD /* MissionView.swift in Sources */ = {isa = PBXBuildFile; fileRef = C5080C81280CAA9C00B48BFD /* MissionView.swift */; };
		C5080C84280CB98400B48BFD /* AstronautView.swift in Sources */ = {isa = PBXBuildFile; fileRef = C5080C83280CB98400B48BFD /* AstronautView.swift */; };
/* End PBXBuildFile section */

/* Begin PBXFileReference section */
		C5080C62280CA0BE00B48BFD /* MoonshotChallenge.app */ = {isa = PBXFileReference; explicitFileType = wrapper.application; includeInIndex = 0; path = MoonshotChallenge.app; sourceTree = BUILT_PRODUCTS_DIR; };
		C5080C65280CA0BE00B48BFD /* MoonshotChallengeApp.swift */ = {isa = PBXFileReference; lastKnownFileType = sourcecode.swift; path = MoonshotChallengeApp.swift; sourceTree = "<group>"; };
		C5080C67280CA0BE00B48BFD /* ContentView.swift */ = {isa = PBXFileReference; lastKnownFileType = sourcecode.swift; path = ContentView.swift; sourceTree = "<group>"; };
		C5080C69280CA0BF00B48BFD /* Assets.xcassets */ = {isa = PBXFileReference; lastKnownFileType = folder.assetcatalog; path = Assets.xcassets; sourceTree = "<group>"; };
		C5080C6C280CA0BF00B48BFD /* Preview Assets.xcassets */ = {isa = PBXFileReference; lastKnownFileType = folder.assetcatalog; path = "Preview Assets.xcassets"; sourceTree = "<group>"; };
		C5080C76280CA2C400B48BFD /* astronauts.json */ = {isa = PBXFileReference; fileEncoding = 4; lastKnownFileType = text.json; path = astronauts.json; sourceTree = "<group>"; };
		C5080C77280CA2C400B48BFD /* missions.json */ = {isa = PBXFileReference; fileEncoding = 4; lastKnownFileType = text.json; path = missions.json; sourceTree = "<group>"; };
		C5080C7A280CA32500B48BFD /* Astronaut.swift */ = {isa = PBXFileReference; lastKnownFileType = sourcecode.swift; path = Astronaut.swift; sourceTree = "<group>"; };
		C5080C7C280CA33200B48BFD /* Mission.swift */ = {isa = PBXFileReference; lastKnownFileType = sourcecode.swift; path = Mission.swift; sourceTree = "<group>"; };
		C5080C7F280CA4C900B48BFD /* Bundle+Decodable.swift */ = {isa = PBXFileReference; lastKnownFileType = sourcecode.swift; path = "Bundle+Decodable.swift"; sourceTree = "<group>"; };
		C5080C81280CAA9C00B48BFD /* MissionView.swift */ = {isa = PBXFileReference; lastKnownFileType = sourcecode.swift; path = MissionView.swift; sourceTree = "<group>"; };
		C5080C83280CB98400B48BFD /* AstronautView.swift */ = {isa = PBXFileReference; lastKnownFileType = sourcecode.swift; path = AstronautView.swift; sourceTree = "<group>"; };
/* End PBXFileReference section */

/* Begin PBXFrameworksBuildPhase section */
		C5080C5F280CA0BE00B48BFD /* Frameworks */ = {
			isa = PBXFrameworksBuildPhase;
			buildActionMask = 2147483647;
			files = (
			);
			runOnlyForDeploymentPostprocessing = 0;
		};
/* End PBXFrameworksBuildPhase section */

/* Begin PBXGroup section */
		C5080C59280CA0BE00B48BFD = {
			isa = PBXGroup;
			children = (
				C5080C64280CA0BE00B48BFD /* MoonshotChallenge */,
				C5080C63280CA0BE00B48BFD /* Products */,
			);
			sourceTree = "<group>";
		};
		C5080C63280CA0BE00B48BFD /* Products */ = {
			isa = PBXGroup;
			children = (
				C5080C62280CA0BE00B48BFD /* MoonshotChallenge.app */,
			);
			name = Products;
			sourceTree = "<group>";
		};
		C5080C64280CA0BE00B48BFD /* MoonshotChallenge */ = {
			isa = PBXGroup;
			children = (
				C5080C65280CA0BE00B48BFD /* MoonshotChallengeApp.swift */,
				C5080C67280CA0BE00B48BFD /* ContentView.swift */,
				C5080C69280CA0BF00B48BFD /* Assets.xcassets */,
				C5080C6B280CA0BF00B48BFD /* Preview Content */,
				C5080C73280CA23E00B48BFD /* Data */,
				C5080C74280CA25100B48BFD /* Model */,
				C5080C7E280CA4AD00B48BFD /* Extensions */,
				C5080C75280CA25C00B48BFD /* View */,
			);
			path = MoonshotChallenge;
			sourceTree = "<group>";
		};
		C5080C6B280CA0BF00B48BFD /* Preview Content */ = {
			isa = PBXGroup;
			children = (
				C5080C6C280CA0BF00B48BFD /* Preview Assets.xcassets */,
			);
			path = "Preview Content";
			sourceTree = "<group>";
		};
		C5080C73280CA23E00B48BFD /* Data */ = {
			isa = PBXGroup;
			children = (
				C5080C76280CA2C400B48BFD /* astronauts.json */,
				C5080C77280CA2C400B48BFD /* missions.json */,
			);
			path = Data;
			sourceTree = "<group>";
		};
		C5080C74280CA25100B48BFD /* Model */ = {
			isa = PBXGroup;
			children = (
				C5080C7A280CA32500B48BFD /* Astronaut.swift */,
				C5080C7C280CA33200B48BFD /* Mission.swift */,
			);
			path = Model;
			sourceTree = "<group>";
		};
		C5080C75280CA25C00B48BFD /* View */ = {
			isa = PBXGroup;
			children = (
				C5080C81280CAA9C00B48BFD /* MissionView.swift */,
				C5080C83280CB98400B48BFD /* AstronautView.swift */,
			);
			path = View;
			sourceTree = "<group>";
		};
		C5080C7E280CA4AD00B48BFD /* Extensions */ = {
			isa = PBXGroup;
			children = (
				C5080C7F280CA4C900B48BFD /* Bundle+Decodable.swift */,
			);
			path = Extensions;
			sourceTree = "<group>";
		};
/* End PBXGroup section */

/* Begin PBXNativeTarget section */
		C5080C61280CA0BE00B48BFD /* MoonshotChallenge */ = {
			isa = PBXNativeTarget;
			buildConfigurationList = C5080C70280CA0BF00B48BFD /* Build configuration list for PBXNativeTarget "MoonshotChallenge" */;
			buildPhases = (
				C5080C5E280CA0BE00B48BFD /* Sources */,
				C5080C5F280CA0BE00B48BFD /* Frameworks */,
				C5080C60280CA0BE00B48BFD /* Resources */,
			);
			buildRules = (
			);
			dependencies = (
			);
			name = MoonshotChallenge;
			productName = MoonshotChallenge;
			productReference = C5080C62280CA0BE00B48BFD /* MoonshotChallenge.app */;
			productType = "com.apple.product-type.application";
		};
/* End PBXNativeTarget section */

/* Begin PBXProject section */
		C5080C5A280CA0BE00B48BFD /* Project object */ = {
			isa = PBXProject;
			attributes = {
				BuildIndependentTargetsInParallel = 1;
				LastSwiftUpdateCheck = 1330;
				LastUpgradeCheck = 1330;
				TargetAttributes = {
					C5080C61280CA0BE00B48BFD = {
						CreatedOnToolsVersion = 13.3.1;
					};
				};
			};
			buildConfigurationList = C5080C5D280CA0BE00B48BFD /* Build configuration list for PBXProject "MoonshotChallenge" */;
			compatibilityVersion = "Xcode 13.0";
			developmentRegion = en;
			hasScannedForEncodings = 0;
			knownRegions = (
				en,
				Base,
			);
			mainGroup = C5080C59280CA0BE00B48BFD;
			productRefGroup = C5080C63280CA0BE00B48BFD /* Products */;
			projectDirPath = "";
			projectRoot = "";
			targets = (
				C5080C61280CA0BE00B48BFD /* MoonshotChallenge */,
			);
		};
/* End PBXProject section */

/* Begin PBXResourcesBuildPhase section */
		C5080C60280CA0BE00B48BFD /* Resources */ = {
			isa = PBXResourcesBuildPhase;
			buildActionMask = 2147483647;
			files = (
				C5080C78280CA2C400B48BFD /* astronauts.json in Resources */,
				C5080C6D280CA0BF00B48BFD /* Preview Assets.xcassets in Resources */,
				C5080C79280CA2C400B48BFD /* missions.json in Resources */,
				C5080C6A280CA0BF00B48BFD /* Assets.xcassets in Resources */,
			);
			runOnlyForDeploymentPostprocessing = 0;
		};
/* End PBXResourcesBuildPhase section */

/* Begin PBXSourcesBuildPhase section */
		C5080C5E280CA0BE00B48BFD /* Sources */ = {
			isa = PBXSourcesBuildPhase;
			buildActionMask = 2147483647;
			files = (
				C5080C84280CB98400B48BFD /* AstronautView.swift in Sources */,
				C5080C7B280CA32500B48BFD /* Astronaut.swift in Sources */,
				C5080C80280CA4C900B48BFD /* Bundle+Decodable.swift in Sources */,
				C5080C68280CA0BE00B48BFD /* ContentView.swift in Sources */,
				C5080C7D280CA33200B48BFD /* Mission.swift in Sources */,
				C5080C66280CA0BE00B48BFD /* MoonshotChallengeApp.swift in Sources */,
				C5080C82280CAA9C00B48BFD /* MissionView.swift in Sources */,
			);
			runOnlyForDeploymentPostprocessing = 0;
		};
/* End PBXSourcesBuildPhase section */

/* Begin XCBuildConfiguration section */
		C5080C6E280CA0BF00B48BFD /* Debug */ = {
			isa = XCBuildConfiguration;
			buildSettings = {
				ALWAYS_SEARCH_USER_PATHS = NO;
				CLANG_ANALYZER_NONNULL = YES;
				CLANG_ANALYZER_NUMBER_OBJECT_CONVERSION = YES_AGGRESSIVE;
				CLANG_CXX_LANGUAGE_STANDARD = "gnu++17";
				CLANG_ENABLE_MODULES = YES;
				CLANG_ENABLE_OBJC_ARC = YES;
				CLANG_ENABLE_OBJC_WEAK = YES;
				CLANG_WARN_BLOCK_CAPTURE_AUTORELEASING = YES;
				CLANG_WARN_BOOL_CONVERSION = YES;
				CLANG_WARN_COMMA = YES;
				CLANG_WARN_CONSTANT_CONVERSION = YES;
				CLANG_WARN_DEPRECATED_OBJC_IMPLEMENTATIONS = YES;
				CLANG_WARN_DIRECT_OBJC_ISA_USAGE = YES_ERROR;
				CLANG_WARN_DOCUMENTATION_COMMENTS = YES;
				CLANG_WARN_EMPTY_BODY = YES;
				CLANG_WARN_ENUM_CONVERSION = YES;
				CLANG_WARN_INFINITE_RECURSION = YES;
				CLANG_WARN_INT_CONVERSION = YES;
				CLANG_WARN_NON_LITERAL_NULL_CONVERSION = YES;
				CLANG_WARN_OBJC_IMPLICIT_RETAIN_SELF = YES;
				CLANG_WARN_OBJC_LITERAL_CONVERSION = YES;
				CLANG_WARN_OBJC_ROOT_CLASS = YES_ERROR;
				CLANG_WARN_QUOTED_INCLUDE_IN_FRAMEWORK_HEADER = YES;
				CLANG_WARN_RANGE_LOOP_ANALYSIS = YES;
				CLANG_WARN_STRICT_PROTOTYPES = YES;
				CLANG_WARN_SUSPICIOUS_MOVE = YES;
				CLANG_WARN_UNGUARDED_AVAILABILITY = YES_AGGRESSIVE;
				CLANG_WARN_UNREACHABLE_CODE = YES;
				CLANG_WARN__DUPLICATE_METHOD_MATCH = YES;
				COPY_PHASE_STRIP = NO;
				DEBUG_INFORMATION_FORMAT = dwarf;
				ENABLE_STRICT_OBJC_MSGSEND = YES;
				ENABLE_TESTABILITY = YES;
				GCC_C_LANGUAGE_STANDARD = gnu11;
				GCC_DYNAMIC_NO_PIC = NO;
				GCC_NO_COMMON_BLOCKS = YES;
				GCC_OPTIMIZATION_LEVEL = 0;
				GCC_PREPROCESSOR_DEFINITIONS = (
					"DEBUG=1",
					"$(inherited)",
				);
				GCC_WARN_64_TO_32_BIT_CONVERSION = YES;
				GCC_WARN_ABOUT_RETURN_TYPE = YES_ERROR;
				GCC_WARN_UNDECLARED_SELECTOR = YES;
				GCC_WARN_UNINITIALIZED_AUTOS = YES_AGGRESSIVE;
				GCC_WARN_UNUSED_FUNCTION = YES;
				GCC_WARN_UNUSED_VARIABLE = YES;
				IPHONEOS_DEPLOYMENT_TARGET = 15.4;
				MTL_ENABLE_DEBUG_INFO = INCLUDE_SOURCE;
				MTL_FAST_MATH = YES;
				ONLY_ACTIVE_ARCH = YES;
				SDKROOT = iphoneos;
				SWIFT_ACTIVE_COMPILATION_CONDITIONS = DEBUG;
				SWIFT_OPTIMIZATION_LEVEL = "-Onone";
			};
			name = Debug;
		};
		C5080C6F280CA0BF00B48BFD /* Release */ = {
			isa = XCBuildConfiguration;
			buildSettings = {
				ALWAYS_SEARCH_USER_PATHS = NO;
				CLANG_ANALYZER_NONNULL = YES;
				CLANG_ANALYZER_NUMBER_OBJECT_CONVERSION = YES_AGGRESSIVE;
				CLANG_CXX_LANGUAGE_STANDARD = "gnu++17";
				CLANG_ENABLE_MODULES = YES;
				CLANG_ENABLE_OBJC_ARC = YES;
				CLANG_ENABLE_OBJC_WEAK = YES;
				CLANG_WARN_BLOCK_CAPTURE_AUTORELEASING = YES;
				CLANG_WARN_BOOL_CONVERSION = YES;
				CLANG_WARN_COMMA = YES;
				CLANG_WARN_CONSTANT_CONVERSION = YES;
				CLANG_WARN_DEPRECATED_OBJC_IMPLEMENTATIONS = YES;
				CLANG_WARN_DIRECT_OBJC_ISA_USAGE = YES_ERROR;
				CLANG_WARN_DOCUMENTATION_COMMENTS = YES;
				CLANG_WARN_EMPTY_BODY = YES;
				CLANG_WARN_ENUM_CONVERSION = YES;
				CLANG_WARN_INFINITE_RECURSION = YES;
				CLANG_WARN_INT_CONVERSION = YES;
				CLANG_WARN_NON_LITERAL_NULL_CONVERSION = YES;
				CLANG_WARN_OBJC_IMPLICIT_RETAIN_SELF = YES;
				CLANG_WARN_OBJC_LITERAL_CONVERSION = YES;
				CLANG_WARN_OBJC_ROOT_CLASS = YES_ERROR;
				CLANG_WARN_QUOTED_INCLUDE_IN_FRAMEWORK_HEADER = YES;
				CLANG_WARN_RANGE_LOOP_ANALYSIS = YES;
				CLANG_WARN_STRICT_PROTOTYPES = YES;
				CLANG_WARN_SUSPICIOUS_MOVE = YES;
				CLANG_WARN_UNGUARDED_AVAILABILITY = YES_AGGRESSIVE;
				CLANG_WARN_UNREACHABLE_CODE = YES;
				CLANG_WARN__DUPLICATE_METHOD_MATCH = YES;
				COPY_PHASE_STRIP = NO;
				DEBUG_INFORMATION_FORMAT = "dwarf-with-dsym";
				ENABLE_NS_ASSERTIONS = NO;
				ENABLE_STRICT_OBJC_MSGSEND = YES;
				GCC_C_LANGUAGE_STANDARD = gnu11;
				GCC_NO_COMMON_BLOCKS = YES;
				GCC_WARN_64_TO_32_BIT_CONVERSION = YES;
				GCC_WARN_ABOUT_RETURN_TYPE = YES_ERROR;
				GCC_WARN_UNDECLARED_SELECTOR = YES;
				GCC_WARN_UNINITIALIZED_AUTOS = YES_AGGRESSIVE;
				GCC_WARN_UNUSED_FUNCTION = YES;
				GCC_WARN_UNUSED_VARIABLE = YES;
				IPHONEOS_DEPLOYMENT_TARGET = 15.4;
				MTL_ENABLE_DEBUG_INFO = NO;
				MTL_FAST_MATH = YES;
				SDKROOT = iphoneos;
				SWIFT_COMPILATION_MODE = wholemodule;
				SWIFT_OPTIMIZATION_LEVEL = "-O";
				VALIDATE_PRODUCT = YES;
			};
			name = Release;
		};
		C5080C71280CA0BF00B48BFD /* Debug */ = {
			isa = XCBuildConfiguration;
			buildSettings = {
				ASSETCATALOG_COMPILER_APPICON_NAME = AppIcon;
				ASSETCATALOG_COMPILER_GLOBAL_ACCENT_COLOR_NAME = AccentColor;
				CODE_SIGN_STYLE = Automatic;
				CURRENT_PROJECT_VERSION = 1;
				DEVELOPMENT_ASSET_PATHS = "\"MoonshotChallenge/Preview Content\"";
				DEVELOPMENT_TEAM = PKTBX2CYQK;
				ENABLE_PREVIEWS = YES;
				GENERATE_INFOPLIST_FILE = YES;
				INFOPLIST_KEY_UIApplicationSceneManifest_Generation = YES;
				INFOPLIST_KEY_UIApplicationSupportsIndirectInputEvents = YES;
				INFOPLIST_KEY_UILaunchScreen_Generation = YES;
				INFOPLIST_KEY_UISupportedInterfaceOrientations_iPad = "UIInterfaceOrientationPortrait UIInterfaceOrientationPortraitUpsideDown UIInterfaceOrientationLandscapeLeft UIInterfaceOrientationLandscapeRight";
				INFOPLIST_KEY_UISupportedInterfaceOrientations_iPhone = "UIInterfaceOrientationPortrait UIInterfaceOrientationLandscapeLeft UIInterfaceOrientationLandscapeRight";
				LD_RUNPATH_SEARCH_PATHS = (
					"$(inherited)",
					"@executable_path/Frameworks",
				);
				MARKETING_VERSION = 1.0;
				PRODUCT_BUNDLE_IDENTIFIER = nicefiction.MoonshotChallenge;
				PRODUCT_NAME = "$(TARGET_NAME)";
				SWIFT_EMIT_LOC_STRINGS = YES;
				SWIFT_VERSION = 5.0;
				TARGETED_DEVICE_FAMILY = "1,2";
			};
			name = Debug;
		};
		C5080C72280CA0BF00B48BFD /* Release */ = {
			isa = XCBuildConfiguration;
			buildSettings = {
				ASSETCATALOG_COMPILER_APPICON_NAME = AppIcon;
				ASSETCATALOG_COMPILER_GLOBAL_ACCENT_COLOR_NAME = AccentColor;
				CODE_SIGN_STYLE = Automatic;
				CURRENT_PROJECT_VERSION = 1;
				DEVELOPMENT_ASSET_PATHS = "\"MoonshotChallenge/Preview Content\"";
				DEVELOPMENT_TEAM = PKTBX2CYQK;
				ENABLE_PREVIEWS = YES;
				GENERATE_INFOPLIST_FILE = YES;
				INFOPLIST_KEY_UIApplicationSceneManifest_Generation = YES;
				INFOPLIST_KEY_UIApplicationSupportsIndirectInputEvents = YES;
				INFOPLIST_KEY_UILaunchScreen_Generation = YES;
				INFOPLIST_KEY_UISupportedInterfaceOrientations_iPad = "UIInterfaceOrientationPortrait UIInterfaceOrientationPortraitUpsideDown UIInterfaceOrientationLandscapeLeft UIInterfaceOrientationLandscapeRight";
				INFOPLIST_KEY_UISupportedInterfaceOrientations_iPhone = "UIInterfaceOrientationPortrait UIInterfaceOrientationLandscapeLeft UIInterfaceOrientationLandscapeRight";
				LD_RUNPATH_SEARCH_PATHS = (
					"$(inherited)",
					"@executable_path/Frameworks",
				);
				MARKETING_VERSION = 1.0;
				PRODUCT_BUNDLE_IDENTIFIER = nicefiction.MoonshotChallenge;
				PRODUCT_NAME = "$(TARGET_NAME)";
				SWIFT_EMIT_LOC_STRINGS = YES;
				SWIFT_VERSION = 5.0;
				TARGETED_DEVICE_FAMILY = "1,2";
			};
			name = Release;
		};
/* End XCBuildConfiguration section */

/* Begin XCConfigurationList section */
		C5080C5D280CA0BE00B48BFD /* Build configuration list for PBXProject "MoonshotChallenge" */ = {
			isa = XCConfigurationList;
			buildConfigurations = (
				C5080C6E280CA0BF00B48BFD /* Debug */,
				C5080C6F280CA0BF00B48BFD /* Release */,
			);
			defaultConfigurationIsVisible = 0;
			defaultConfigurationName = Release;
		};
		C5080C70280CA0BF00B48BFD /* Build configuration list for PBXNativeTarget "MoonshotChallenge" */ = {
			isa = XCConfigurationList;
			buildConfigurations = (
				C5080C71280CA0BF00B48BFD /* Debug */,
				C5080C72280CA0BF00B48BFD /* Release */,
			);
			defaultConfigurationIsVisible = 0;
			defaultConfigurationName = Release;
		};
/* End XCConfigurationList section */
	};
	rootObject = C5080C5A280CA0BE00B48BFD /* Project object */;
}
